
Microsoft Visual Studio Solution File, Format Version 12.00
# Visual Studio 15
VisualStudioVersion = 15.0.28307.421
MinimumVisualStudioVersion = 10.0.40219.1
Project("{FAE04EC0-301F-11D3-BF4B-00C04F79EFBC}") = "WebApplication", "WebApplication\WebApplication.csproj", "{BCABF003-CC4F-4379-BB0E-BEFB5E96CD2C}"
EndProject
Global
	GlobalSection(SolutionConfigurationPlatforms) = preSolution
		Debug|Any CPU = Debug|Any CPU
		Release|Any CPU = Release|Any CPU
	EndGlobalSection
	GlobalSection(ProjectConfigurationPlatforms) = postSolution
		{BCABF003-CC4F-4379-BB0E-BEFB5E96CD2C}.Debug|Any CPU.ActiveCfg = Debug|Any CPU
		{BCABF003-CC4F-4379-BB0E-BEFB5E96CD2C}.Debug|Any CPU.Build.0 = Debug|Any CPU
		{BCABF003-CC4F-4379-BB0E-BEFB5E96CD2C}.Release|Any CPU.ActiveCfg = Release|Any CPU
		{BCABF003-CC4F-4379-BB0E-BEFB5E96CD2C}.Release|Any CPU.Build.0 = Release|Any CPU
	EndGlobalSection
	GlobalSection(SolutionProperties) = preSolution
		HideSolutionNode = FALSE
	EndGlobalSection
	GlobalSection(ExtensibilityGlobals) = postSolution
		SolutionGuid = {3BFD941D-F3B0-4DAA-87F8-8F95A691F032}
	EndGlobalSection
EndGlobal
